<?xml version="1.0" encoding="utf-8"?>
<Project ToolsVersion="4.0" xmlns="http://schemas.microsoft.com/developer/msbuild/2003">
  <ItemGroup>
    <Filter Include="源文件">
      <UniqueIdentifier>{4FC737F1-C7A5-4376-A066-2A32D752A2FF}</UniqueIdentifier>
      <Extensions>cpp;c;cc;cxx;def;odl;idl;hpj;bat;asm;asmx</Extensions>
    </Filter>
    <Filter Include="头文件">
      <UniqueIdentifier>{93995380-89BD-4b04-88EB-625FBE52EBFB}</UniqueIdentifier>
      <Extensions>h;hh;hpp;hxx;hm;inl;inc;xsd</Extensions>
    </Filter>
    <Filter Include="资源文件">
      <UniqueIdentifier>{67DA6AB6-F800-4c08-8B7A-83BB121AAD01}</UniqueIdentifier>
      <Extensions>rc;ico;cur;bmp;dlg;rc2;rct;bin;rgs;gif;jpg;jpeg;jpe;resx;tiff;tif;png;wav;mfcribbon-ms</Extensions>
    </Filter>
  </ItemGroup>
  <ItemGroup>
    <ClCompile Include="Main.cpp">
      <Filter>源文件</Filter>
    </ClCompile>
    <ClCompile Include="base\Logging.cpp">
      <Filter>源文件</Filter>
    </ClCompile>
    <ClCompile Include="base\LogStream.cpp">
      <Filter>源文件</Filter>
    </ClCompile>
    <ClCompile Include="base\AsyncLogging.cpp">
      <Filter>源文件</Filter>
    </ClCompile>
    <ClCompile Include="base\CountDownLatch.cpp">
      <Filter>源文件</Filter>
    </ClCompile>
    <ClCompile Include="base\FileUtil.cpp">
      <Filter>源文件</Filter>
    </ClCompile>
    <ClCompile Include="base\LogFile.cpp">
      <Filter>源文件</Filter>
    </ClCompile>
    <ClCompile Include="base\Thread.cpp">
      <Filter>源文件</Filter>
    </ClCompile>
    <ClCompile Include="EventLoop.cpp">
      <Filter>源文件</Filter>
    </ClCompile>
    <ClCompile Include="Epoll.cpp">
      <Filter>源文件</Filter>
    </ClCompile>
    <ClCompile Include="Channel.cpp">
      <Filter>源文件</Filter>
    </ClCompile>
    <ClCompile Include="HttpData.cpp">
      <Filter>源文件</Filter>
    </ClCompile>
    <ClCompile Include="Util.cpp">
      <Filter>源文件</Filter>
    </ClCompile>
    <ClCompile Include="Timer.cpp">
      <Filter>源文件</Filter>
    </ClCompile>
  </ItemGroup>
  <ItemGroup>
    <ClInclude Include="EventLoop.h">
      <Filter>头文件</Filter>
    </ClInclude>
    <ClInclude Include="Server.h">
      <Filter>头文件</Filter>
    </ClInclude>
    <ClInclude Include="base\Logging.h">
      <Filter>头文件</Filter>
    </ClInclude>
    <ClInclude Include="base\LogStream.h">
      <Filter>头文件</Filter>
    </ClInclude>
    <ClInclude Include="base\noncopyable.h">
      <Filter>头文件</Filter>
    </ClInclude>
    <ClInclude Include="base\AsyncLogging.h">
      <Filter>头文件</Filter>
    </ClInclude>
    <ClInclude Include="base\Condition.h">
      <Filter>头文件</Filter>
    </ClInclude>
    <ClInclude Include="base\CountDownLatch.h">
      <Filter>头文件</Filter>
    </ClInclude>
    <ClInclude Include="base\CurrentThread.h">
      <Filter>头文件</Filter>
    </ClInclude>
    <ClInclude Include="base\FileUtil.h">
      <Filter>头文件</Filter>
    </ClInclude>
    <ClInclude Include="base\LogFile.h">
      <Filter>头文件</Filter>
    </ClInclude>
    <ClInclude Include="base\MutexLock.h">
      <Filter>头文件</Filter>
    </ClInclude>
    <ClInclude Include="base\Thread.h">
      <Filter>头文件</Filter>
    </ClInclude>
    <ClInclude Include="Epoll.h">
      <Filter>头文件</Filter>
    </ClInclude>
    <ClInclude Include="Channel.h">
      <Filter>头文件</Filter>
    </ClInclude>
    <ClInclude Include="Timer.h">
      <Filter>头文件</Filter>
    </ClInclude>
    <ClInclude Include="HttpData.h">
      <Filter>头文件</Filter>
    </ClInclude>
    <ClInclude Include="Util.h">
      <Filter>头文件</Filter>
    </ClInclude>
  </ItemGroup>
</Project>